
Microsoft Visual Studio Solution File, Format Version 12.00
# Visual Studio 15
VisualStudioVersion = 15.0.28010.0
MinimumVisualStudioVersion = 10.0.40219.1
Project("{8BC9CEB8-8B4A-11D0-8D11-00A0C91BC942}") = "prakt14.1", "prakt14.1\prakt14.1.vcxproj", "{13F7CD0F-F6A1-4CC0-A930-E92A1AA40054}"
EndProject
Project("{8BC9CEB8-8B4A-11D0-8D11-00A0C91BC942}") = "prakt14.2", "prakt14.2\prakt14.2.vcxproj", "{E9B51278-87DD-4316-BBB7-BD9C739C6A43}"
EndProject
Global
	GlobalSection(SolutionConfigurationPlatforms) = preSolution
		Debug|x64 = Debug|x64
		Debug|x86 = Debug|x86
		Release|x64 = Release|x64
		Release|x86 = Release|x86
	EndGlobalSection
	GlobalSection(ProjectConfigurationPlatforms) = postSolution
		{13F7CD0F-F6A1-4CC0-A930-E92A1AA40054}.Debug|x64.ActiveCfg = Debug|x64
		{13F7CD0F-F6A1-4CC0-A930-E92A1AA40054}.Debug|x64.Build.0 = Debug|x64
		{13F7CD0F-F6A1-4CC0-A930-E92A1AA40054}.Debug|x86.ActiveCfg = Debug|Win32
		{13F7CD0F-F6A1-4CC0-A930-E92A1AA40054}.Debug|x86.Build.0 = Debug|Win32
		{13F7CD0F-F6A1-4CC0-A930-E92A1AA40054}.Release|x64.ActiveCfg = Release|x64
		{13F7CD0F-F6A1-4CC0-A930-E92A1AA40054}.Release|x64.Build.0 = Release|x64
		{13F7CD0F-F6A1-4CC0-A930-E92A1AA40054}.Release|x86.ActiveCfg = Release|Win32
		{13F7CD0F-F6A1-4CC0-A930-E92A1AA40054}.Release|x86.Build.0 = Release|Win32
		{E9B51278-87DD-4316-BBB7-BD9C739C6A43}.Debug|x64.ActiveCfg = Debug|x64
		{E9B51278-87DD-4316-BBB7-BD9C739C6A43}.Debug|x64.Build.0 = Debug|x64
		{E9B51278-87DD-4316-BBB7-BD9C739C6A43}.Debug|x86.ActiveCfg = Debug|Win32
		{E9B51278-87DD-4316-BBB7-BD9C739C6A43}.Debug|x86.Build.0 = Debug|Win32
		{E9B51278-87DD-4316-BBB7-BD9C739C6A43}.Release|x64.ActiveCfg = Release|x64
		{E9B51278-87DD-4316-BBB7-BD9C739C6A43}.Release|x64.Build.0 = Release|x64
		{E9B51278-87DD-4316-BBB7-BD9C739C6A43}.Release|x86.ActiveCfg = Release|Win32
		{E9B51278-87DD-4316-BBB7-BD9C739C6A43}.Release|x86.Build.0 = Release|Win32
	EndGlobalSection
	GlobalSection(SolutionProperties) = preSolution
		HideSolutionNode = FALSE
	EndGlobalSection
	GlobalSection(ExtensibilityGlobals) = postSolution
		SolutionGuid = {1D1F756D-7AA1-416D-A45D-CD2F3C8C8440}
	EndGlobalSection
EndGlobal
