
Microsoft Visual Studio Solution File, Format Version 12.00
# Visual Studio 15
VisualStudioVersion = 15.0.28010.0
MinimumVisualStudioVersion = 10.0.40219.1
Project("{8BC9CEB8-8B4A-11D0-8D11-00A0C91BC942}") = "distance", "distance\distance.vcxproj", "{9834A9CE-D0CF-4B15-98F9-7AF86B4C0CAA}"
EndProject
Global
	GlobalSection(SolutionConfigurationPlatforms) = preSolution
		Debug|x64 = Debug|x64
		Debug|x86 = Debug|x86
		Release|x64 = Release|x64
		Release|x86 = Release|x86
	EndGlobalSection
	GlobalSection(ProjectConfigurationPlatforms) = postSolution
		{9834A9CE-D0CF-4B15-98F9-7AF86B4C0CAA}.Debug|x64.ActiveCfg = Debug|x64
		{9834A9CE-D0CF-4B15-98F9-7AF86B4C0CAA}.Debug|x64.Build.0 = Debug|x64
		{9834A9CE-D0CF-4B15-98F9-7AF86B4C0CAA}.Debug|x86.ActiveCfg = Debug|Win32
		{9834A9CE-D0CF-4B15-98F9-7AF86B4C0CAA}.Debug|x86.Build.0 = Debug|Win32
		{9834A9CE-D0CF-4B15-98F9-7AF86B4C0CAA}.Release|x64.ActiveCfg = Release|x64
		{9834A9CE-D0CF-4B15-98F9-7AF86B4C0CAA}.Release|x64.Build.0 = Release|x64
		{9834A9CE-D0CF-4B15-98F9-7AF86B4C0CAA}.Release|x86.ActiveCfg = Release|Win32
		{9834A9CE-D0CF-4B15-98F9-7AF86B4C0CAA}.Release|x86.Build.0 = Release|Win32
	EndGlobalSection
	GlobalSection(SolutionProperties) = preSolution
		HideSolutionNode = FALSE
	EndGlobalSection
	GlobalSection(ExtensibilityGlobals) = postSolution
		SolutionGuid = {5988B745-F792-4266-9394-C630504B237B}
	EndGlobalSection
EndGlobal
